
Microsoft Visual Studio Solution File, Format Version 12.00
# Visual Studio 2013
VisualStudioVersion = 12.0.30723.0
MinimumVisualStudioVersion = 10.0.40219.1
Project("{8BC9CEB8-8B4A-11D0-8D11-00A0C91BC942}") = "labb2-dijkstra-runner", "labb2-dijkstra-runner\labb2-dijkstra-runner.vcxproj", "{C516753C-6DEC-4D4F-AF3B-3F569C603258}"
EndProject
Project("{8BC9CEB8-8B4A-11D0-8D11-00A0C91BC942}") = "labb2-library", "labb2-library\labb2-library.vcxproj", "{ADD4685C-D333-439A-A030-28B948B66984}"
EndProject
Project("{8BC9CEB8-8B4A-11D0-8D11-00A0C91BC942}") = "labb2-minspantree-runner", "labb2-minspantree-runner\labb2-minspantree-runner.vcxproj", "{8127E226-0C25-4D9D-A135-C4B37303723B}"
EndProject
Project("{8BC9CEB8-8B4A-11D0-8D11-00A0C91BC942}") = "labb2-eulerianpath-runner", "labb2-eulerianpath-runner\labb2-eulerianpath-runner.vcxproj", "{D21FFD68-FDCC-476A-A435-51A4AC432B4E}"
EndProject
Project("{8BC9CEB8-8B4A-11D0-8D11-00A0C91BC942}") = "labb2-dijsktra2-runner", "labb2-dijsktra2-runner\labb2-dijsktra2-runner.vcxproj", "{214BEAE3-E932-4B76-84DA-4C24088ED5E3}"
EndProject
Project("{8BC9CEB8-8B4A-11D0-8D11-00A0C91BC942}") = "labb2-bellmanford-runner", "labb2-bellmanford-runner\labb2-bellmanford-runner.vcxproj", "{D4779BDA-4396-445B-82D3-589894C1B259}"
EndProject
Project("{8BC9CEB8-8B4A-11D0-8D11-00A0C91BC942}") = "labb2-allpairspath-runner", "labb2-allpairspath-runner\labb2-allpairspath-runner.vcxproj", "{59830452-1FD4-466B-BE10-B967CD26DBFC}"
EndProject
Project("{8BC9CEB8-8B4A-11D0-8D11-00A0C91BC942}") = "labb2-maxflow-runner", "labb2-maxflow-runner\labb2-maxflow-runner.vcxproj", "{706536B4-8E35-4995-8326-4A348EFFFE4A}"
EndProject
Global
	GlobalSection(SolutionConfigurationPlatforms) = preSolution
		Debug|Win32 = Debug|Win32
		Release|Win32 = Release|Win32
	EndGlobalSection
	GlobalSection(ProjectConfigurationPlatforms) = postSolution
		{C516753C-6DEC-4D4F-AF3B-3F569C603258}.Debug|Win32.ActiveCfg = Debug|Win32
		{C516753C-6DEC-4D4F-AF3B-3F569C603258}.Debug|Win32.Build.0 = Debug|Win32
		{C516753C-6DEC-4D4F-AF3B-3F569C603258}.Release|Win32.ActiveCfg = Release|Win32
		{C516753C-6DEC-4D4F-AF3B-3F569C603258}.Release|Win32.Build.0 = Release|Win32
		{ADD4685C-D333-439A-A030-28B948B66984}.Debug|Win32.ActiveCfg = Debug|Win32
		{ADD4685C-D333-439A-A030-28B948B66984}.Debug|Win32.Build.0 = Debug|Win32
		{ADD4685C-D333-439A-A030-28B948B66984}.Release|Win32.ActiveCfg = Release|Win32
		{ADD4685C-D333-439A-A030-28B948B66984}.Release|Win32.Build.0 = Release|Win32
		{8127E226-0C25-4D9D-A135-C4B37303723B}.Debug|Win32.ActiveCfg = Debug|Win32
		{8127E226-0C25-4D9D-A135-C4B37303723B}.Debug|Win32.Build.0 = Debug|Win32
		{8127E226-0C25-4D9D-A135-C4B37303723B}.Release|Win32.ActiveCfg = Release|Win32
		{8127E226-0C25-4D9D-A135-C4B37303723B}.Release|Win32.Build.0 = Release|Win32
		{D21FFD68-FDCC-476A-A435-51A4AC432B4E}.Debug|Win32.ActiveCfg = Debug|Win32
		{D21FFD68-FDCC-476A-A435-51A4AC432B4E}.Debug|Win32.Build.0 = Debug|Win32
		{D21FFD68-FDCC-476A-A435-51A4AC432B4E}.Release|Win32.ActiveCfg = Release|Win32
		{D21FFD68-FDCC-476A-A435-51A4AC432B4E}.Release|Win32.Build.0 = Release|Win32
		{214BEAE3-E932-4B76-84DA-4C24088ED5E3}.Debug|Win32.ActiveCfg = Debug|Win32
		{214BEAE3-E932-4B76-84DA-4C24088ED5E3}.Debug|Win32.Build.0 = Debug|Win32
		{214BEAE3-E932-4B76-84DA-4C24088ED5E3}.Release|Win32.ActiveCfg = Release|Win32
		{214BEAE3-E932-4B76-84DA-4C24088ED5E3}.Release|Win32.Build.0 = Release|Win32
		{D4779BDA-4396-445B-82D3-589894C1B259}.Debug|Win32.ActiveCfg = Debug|Win32
		{D4779BDA-4396-445B-82D3-589894C1B259}.Debug|Win32.Build.0 = Debug|Win32
		{D4779BDA-4396-445B-82D3-589894C1B259}.Release|Win32.ActiveCfg = Release|Win32
		{D4779BDA-4396-445B-82D3-589894C1B259}.Release|Win32.Build.0 = Release|Win32
		{59830452-1FD4-466B-BE10-B967CD26DBFC}.Debug|Win32.ActiveCfg = Debug|Win32
		{59830452-1FD4-466B-BE10-B967CD26DBFC}.Debug|Win32.Build.0 = Debug|Win32
		{59830452-1FD4-466B-BE10-B967CD26DBFC}.Release|Win32.ActiveCfg = Release|Win32
		{59830452-1FD4-466B-BE10-B967CD26DBFC}.Release|Win32.Build.0 = Release|Win32
		{706536B4-8E35-4995-8326-4A348EFFFE4A}.Debug|Win32.ActiveCfg = Debug|Win32
		{706536B4-8E35-4995-8326-4A348EFFFE4A}.Debug|Win32.Build.0 = Debug|Win32
		{706536B4-8E35-4995-8326-4A348EFFFE4A}.Release|Win32.ActiveCfg = Release|Win32
		{706536B4-8E35-4995-8326-4A348EFFFE4A}.Release|Win32.Build.0 = Release|Win32
	EndGlobalSection
	GlobalSection(SolutionProperties) = preSolution
		HideSolutionNode = FALSE
	EndGlobalSection
EndGlobal
