
Microsoft Visual Studio Solution File, Format Version 12.00
# Visual Studio 2013
VisualStudioVersion = 12.0.30723.0
MinimumVisualStudioVersion = 10.0.40219.1
Project("{8BC9CEB8-8B4A-11D0-8D11-00A0C91BC942}") = "labb3-library", "labb3-library\labb3-library.vcxproj", "{9C6712E1-A6FD-4B0F-869C-60F3FCF0394D}"
EndProject
Project("{8BC9CEB8-8B4A-11D0-8D11-00A0C91BC942}") = "labb3-tests", "labb3-tests\labb3-tests.vcxproj", "{5A7A67F5-D597-4E95-8754-C6B3C3ADA8AA}"
EndProject
Project("{8BC9CEB8-8B4A-11D0-8D11-00A0C91BC942}") = "labb3-rationalarithmetic-runner", "labb3-rationalarithmetic-runner\labb3-rationalarithmetic-runner.vcxproj", "{7A250518-CBE7-4E16-9191-2B267B8AF1D0}"
EndProject
Project("{8BC9CEB8-8B4A-11D0-8D11-00A0C91BC942}") = "labb3-modulararithmetic-runner", "labb3-modulararithmetic-runner\labb3-modulararithmetic-runner.vcxproj", "{CD3608D0-9CC0-46A2-B319-B6A8056E47B2}"
EndProject
Project("{8BC9CEB8-8B4A-11D0-8D11-00A0C91BC942}") = "labb3-primesieve-runner", "labb3-primesieve-runner\labb3-primesieve-runner.vcxproj", "{C2BE2EB1-43F6-45F9-863F-71BBAC9B5DD2}"
EndProject
Global
	GlobalSection(SolutionConfigurationPlatforms) = preSolution
		Debug|Win32 = Debug|Win32
		Release|Win32 = Release|Win32
	EndGlobalSection
	GlobalSection(ProjectConfigurationPlatforms) = postSolution
		{9C6712E1-A6FD-4B0F-869C-60F3FCF0394D}.Debug|Win32.ActiveCfg = Debug|Win32
		{9C6712E1-A6FD-4B0F-869C-60F3FCF0394D}.Debug|Win32.Build.0 = Debug|Win32
		{9C6712E1-A6FD-4B0F-869C-60F3FCF0394D}.Release|Win32.ActiveCfg = Release|Win32
		{9C6712E1-A6FD-4B0F-869C-60F3FCF0394D}.Release|Win32.Build.0 = Release|Win32
		{5A7A67F5-D597-4E95-8754-C6B3C3ADA8AA}.Debug|Win32.ActiveCfg = Debug|Win32
		{5A7A67F5-D597-4E95-8754-C6B3C3ADA8AA}.Debug|Win32.Build.0 = Debug|Win32
		{5A7A67F5-D597-4E95-8754-C6B3C3ADA8AA}.Release|Win32.ActiveCfg = Release|Win32
		{5A7A67F5-D597-4E95-8754-C6B3C3ADA8AA}.Release|Win32.Build.0 = Release|Win32
		{7A250518-CBE7-4E16-9191-2B267B8AF1D0}.Debug|Win32.ActiveCfg = Debug|Win32
		{7A250518-CBE7-4E16-9191-2B267B8AF1D0}.Debug|Win32.Build.0 = Debug|Win32
		{7A250518-CBE7-4E16-9191-2B267B8AF1D0}.Release|Win32.ActiveCfg = Release|Win32
		{7A250518-CBE7-4E16-9191-2B267B8AF1D0}.Release|Win32.Build.0 = Release|Win32
		{CD3608D0-9CC0-46A2-B319-B6A8056E47B2}.Debug|Win32.ActiveCfg = Debug|Win32
		{CD3608D0-9CC0-46A2-B319-B6A8056E47B2}.Debug|Win32.Build.0 = Debug|Win32
		{CD3608D0-9CC0-46A2-B319-B6A8056E47B2}.Release|Win32.ActiveCfg = Release|Win32
		{CD3608D0-9CC0-46A2-B319-B6A8056E47B2}.Release|Win32.Build.0 = Release|Win32
		{C2BE2EB1-43F6-45F9-863F-71BBAC9B5DD2}.Debug|Win32.ActiveCfg = Debug|Win32
		{C2BE2EB1-43F6-45F9-863F-71BBAC9B5DD2}.Debug|Win32.Build.0 = Debug|Win32
		{C2BE2EB1-43F6-45F9-863F-71BBAC9B5DD2}.Release|Win32.ActiveCfg = Release|Win32
		{C2BE2EB1-43F6-45F9-863F-71BBAC9B5DD2}.Release|Win32.Build.0 = Release|Win32
	EndGlobalSection
	GlobalSection(SolutionProperties) = preSolution
		HideSolutionNode = FALSE
	EndGlobalSection
EndGlobal
