
Microsoft Visual Studio Solution File, Format Version 12.00
# Visual Studio 2013
VisualStudioVersion = 12.0.30723.0
MinimumVisualStudioVersion = 10.0.40219.1
Project("{8BC9CEB8-8B4A-11D0-8D11-00A0C91BC942}") = "labb1-library", "labb1-library\labb1-library.vcxproj", "{B7413954-3BB7-402F-8B59-BC1D3AC51817}"
EndProject
Project("{8BC9CEB8-8B4A-11D0-8D11-00A0C91BC942}") = "labb1-tests", "labb1-tests\labb1-tests.vcxproj", "{EAC281C2-3BA1-4248-9A95-D4BB40EF2175}"
	ProjectSection(ProjectDependencies) = postProject
		{B7413954-3BB7-402F-8B59-BC1D3AC51817} = {B7413954-3BB7-402F-8B59-BC1D3AC51817}
	EndProjectSection
EndProject
Project("{8BC9CEB8-8B4A-11D0-8D11-00A0C91BC942}") = "labb1-fenwick-runner", "labb1-fenwick-runner\labb1-fenwick-runner.vcxproj", "{71BDA717-F1F6-4BC4-AB80-01C7FB44D6E7}"
EndProject
Project("{8BC9CEB8-8B4A-11D0-8D11-00A0C91BC942}") = "labb1-intervalcover-runner", "labb1-intervalcover-runner\labb1-intervalcover-runner.vcxproj", "{7C770E3A-6ADC-49B5-90F6-03B999576522}"
	ProjectSection(ProjectDependencies) = postProject
		{B7413954-3BB7-402F-8B59-BC1D3AC51817} = {B7413954-3BB7-402F-8B59-BC1D3AC51817}
	EndProjectSection
EndProject
Project("{8BC9CEB8-8B4A-11D0-8D11-00A0C91BC942}") = "labb1-knapsack-runner", "labb1-knapsack-runner\labb1-knapsack-runner.vcxproj", "{806515F0-E501-4D1A-8405-1173F4E21A7B}"
EndProject
Project("{8BC9CEB8-8B4A-11D0-8D11-00A0C91BC942}") = "labb1-polymul2-runner", "labb1-polymul2-runner\labb1-polymul2-runner.vcxproj", "{5DBE8068-96E2-4F69-B912-98D263E61527}"
EndProject
Global
	GlobalSection(SolutionConfigurationPlatforms) = preSolution
		Debug|Win32 = Debug|Win32
		Release|Win32 = Release|Win32
	EndGlobalSection
	GlobalSection(ProjectConfigurationPlatforms) = postSolution
		{B7413954-3BB7-402F-8B59-BC1D3AC51817}.Debug|Win32.ActiveCfg = Debug|Win32
		{B7413954-3BB7-402F-8B59-BC1D3AC51817}.Debug|Win32.Build.0 = Debug|Win32
		{B7413954-3BB7-402F-8B59-BC1D3AC51817}.Release|Win32.ActiveCfg = Release|Win32
		{B7413954-3BB7-402F-8B59-BC1D3AC51817}.Release|Win32.Build.0 = Release|Win32
		{EAC281C2-3BA1-4248-9A95-D4BB40EF2175}.Debug|Win32.ActiveCfg = Debug|Win32
		{EAC281C2-3BA1-4248-9A95-D4BB40EF2175}.Debug|Win32.Build.0 = Debug|Win32
		{EAC281C2-3BA1-4248-9A95-D4BB40EF2175}.Release|Win32.ActiveCfg = Release|Win32
		{EAC281C2-3BA1-4248-9A95-D4BB40EF2175}.Release|Win32.Build.0 = Release|Win32
		{71BDA717-F1F6-4BC4-AB80-01C7FB44D6E7}.Debug|Win32.ActiveCfg = Debug|Win32
		{71BDA717-F1F6-4BC4-AB80-01C7FB44D6E7}.Debug|Win32.Build.0 = Debug|Win32
		{71BDA717-F1F6-4BC4-AB80-01C7FB44D6E7}.Release|Win32.ActiveCfg = Release|Win32
		{71BDA717-F1F6-4BC4-AB80-01C7FB44D6E7}.Release|Win32.Build.0 = Release|Win32
		{7C770E3A-6ADC-49B5-90F6-03B999576522}.Debug|Win32.ActiveCfg = Debug|Win32
		{7C770E3A-6ADC-49B5-90F6-03B999576522}.Debug|Win32.Build.0 = Debug|Win32
		{7C770E3A-6ADC-49B5-90F6-03B999576522}.Release|Win32.ActiveCfg = Release|Win32
		{7C770E3A-6ADC-49B5-90F6-03B999576522}.Release|Win32.Build.0 = Release|Win32
		{806515F0-E501-4D1A-8405-1173F4E21A7B}.Debug|Win32.ActiveCfg = Debug|Win32
		{806515F0-E501-4D1A-8405-1173F4E21A7B}.Debug|Win32.Build.0 = Debug|Win32
		{806515F0-E501-4D1A-8405-1173F4E21A7B}.Release|Win32.ActiveCfg = Release|Win32
		{806515F0-E501-4D1A-8405-1173F4E21A7B}.Release|Win32.Build.0 = Release|Win32
		{5DBE8068-96E2-4F69-B912-98D263E61527}.Debug|Win32.ActiveCfg = Debug|Win32
		{5DBE8068-96E2-4F69-B912-98D263E61527}.Debug|Win32.Build.0 = Debug|Win32
		{5DBE8068-96E2-4F69-B912-98D263E61527}.Release|Win32.ActiveCfg = Release|Win32
		{5DBE8068-96E2-4F69-B912-98D263E61527}.Release|Win32.Build.0 = Release|Win32
	EndGlobalSection
	GlobalSection(SolutionProperties) = preSolution
		HideSolutionNode = FALSE
	EndGlobalSection
EndGlobal
